
Microsoft Visual Studio Solution File, Format Version 12.00
Project("{FAE04EC0-301F-11D3-BF4B-00C04F79EFBC}") = "Lab1", "Lab1.csproj", "{60B47E13-ED71-4E4D-AB2F-3812D2B9E4A9}"
EndProject
Project("{FAE04EC0-301F-11D3-BF4B-00C04F79EFBC}") = "MyCollection", "MyCollection\MyCollection.csproj", "{B9005A64-2166-4F5A-9F03-A286DF69265E}"
EndProject
Project("{FAE04EC0-301F-11D3-BF4B-00C04F79EFBC}") = "MyCollection.Tests", "MyCollection.Tests\MyCollection.Tests.csproj", "{2935D4CA-E1A0-45CC-8922-B1A098D667F0}"
EndProject
Global
	GlobalSection(SolutionConfigurationPlatforms) = preSolution
		Debug|Any CPU = Debug|Any CPU
		Release|Any CPU = Release|Any CPU
	EndGlobalSection
	GlobalSection(ProjectConfigurationPlatforms) = postSolution
		{60B47E13-ED71-4E4D-AB2F-3812D2B9E4A9}.Debug|Any CPU.ActiveCfg = Debug|Any CPU
		{60B47E13-ED71-4E4D-AB2F-3812D2B9E4A9}.Debug|Any CPU.Build.0 = Debug|Any CPU
		{60B47E13-ED71-4E4D-AB2F-3812D2B9E4A9}.Release|Any CPU.ActiveCfg = Release|Any CPU
		{60B47E13-ED71-4E4D-AB2F-3812D2B9E4A9}.Release|Any CPU.Build.0 = Release|Any CPU
		{B9005A64-2166-4F5A-9F03-A286DF69265E}.Debug|Any CPU.ActiveCfg = Debug|Any CPU
		{B9005A64-2166-4F5A-9F03-A286DF69265E}.Debug|Any CPU.Build.0 = Debug|Any CPU
		{B9005A64-2166-4F5A-9F03-A286DF69265E}.Release|Any CPU.ActiveCfg = Release|Any CPU
		{B9005A64-2166-4F5A-9F03-A286DF69265E}.Release|Any CPU.Build.0 = Release|Any CPU
		{2935D4CA-E1A0-45CC-8922-B1A098D667F0}.Debug|Any CPU.ActiveCfg = Debug|Any CPU
		{2935D4CA-E1A0-45CC-8922-B1A098D667F0}.Debug|Any CPU.Build.0 = Debug|Any CPU
		{2935D4CA-E1A0-45CC-8922-B1A098D667F0}.Release|Any CPU.ActiveCfg = Release|Any CPU
		{2935D4CA-E1A0-45CC-8922-B1A098D667F0}.Release|Any CPU.Build.0 = Release|Any CPU
	EndGlobalSection
EndGlobal
